
Microsoft Visual Studio Solution File, Format Version 12.00
# Visual Studio Version 17
VisualStudioVersion = 17.0.32014.148
MinimumVisualStudioVersion = 10.0.40219.1
Project("{9A19103F-16F7-4668-BE54-9A1E7A4F7556}") = "scrapy.net", "scrapy.net\scrapy.net.csproj", "{E00F5281-7A76-41D3-AFFA-0CEF78B9556E}"
EndProject
Project("{9A19103F-16F7-4668-BE54-9A1E7A4F7556}") = "GoogleSample", "samples\google1\GoogleSample.csproj", "{8139990E-8E0E-433B-A54C-ED73F69DA7D3}"
EndProject
Project("{2150E333-8FDC-42A3-9474-1A3956D46DE8}") = "samples", "samples", "{C69F2EB9-07B9-41FA-AEA7-4731BD84145B}"
EndProject
Project("{9A19103F-16F7-4668-BE54-9A1E7A4F7556}") = "Simple", "samples\quotes\Simple.csproj", "{269B8DC4-148D-4C3D-BDDD-5DDC894963CB}"
EndProject
Project("{2150E333-8FDC-42A3-9474-1A3956D46DE8}") = "tests", "tests", "{BC30D1E5-CD87-45E5-ABA2-3E694A3E9F02}"
EndProject
Project("{9A19103F-16F7-4668-BE54-9A1E7A4F7556}") = "scrapy.net.tests", "..\test\scrapy.net.tests\scrapy.net.tests.csproj", "{96AC6945-1E74-4E40-8849-BBD1041DB878}"
EndProject
Project("{9A19103F-16F7-4668-BE54-9A1E7A4F7556}") = "quotes_pipeline", "samples\quotes-pipeline\quotes_pipeline.csproj", "{8C092695-E06C-4272-A3DC-12CA56F5F3BF}"
EndProject
Project("{9A19103F-16F7-4668-BE54-9A1E7A4F7556}") = "CoinMarketCap", "samples\coinmarketcap\CoinMarketCap.csproj", "{01081AA6-F02E-42DD-BAFD-179D5535432A}"
EndProject
Project("{2150E333-8FDC-42A3-9474-1A3956D46DE8}") = "LargeScaleTye", "LargeScaleTye", "{0078D020-AF23-4997-A3CE-8DB0772FCA82}"
	ProjectSection(SolutionItems) = preProject
		tye.yaml = tye.yaml
	EndProjectSection
EndProject
Project("{9A19103F-16F7-4668-BE54-9A1E7A4F7556}") = "quotes.scraper", "samples\large_scale_demo1\quotes.scraper\quotes.scraper.csproj", "{01D01C83-B174-4C6D-9BF1-82BEBF3C0DDA}"
EndProject
Project("{9A19103F-16F7-4668-BE54-9A1E7A4F7556}") = "quotes.producer", "samples\large_scale_demo1\quotes.producer\quotes.producer.csproj", "{51432601-BC88-4E52-8C0E-E4A2891B1C9A}"
EndProject
Project("{9A19103F-16F7-4668-BE54-9A1E7A4F7556}") = "SeleniumSample", "samples\quotes_selenium\SeleniumSample.csproj", "{C7E47DE6-7BFF-4FC8-AEAC-4C8CDBC085BD}"
EndProject
Project("{9A19103F-16F7-4668-BE54-9A1E7A4F7556}") = "MultiSpider", "samples\multi_spiders\MultiSpider.csproj", "{8200DD29-48DE-46FD-81A7-64A0B765CCB7}"
EndProject
Project("{9A19103F-16F7-4668-BE54-9A1E7A4F7556}") = "UsingProxies", "samples\using_proxies\UsingProxies.csproj", "{20E45839-984C-4632-82F3-B410C02A60BE}"
EndProject
Project("{9A19103F-16F7-4668-BE54-9A1E7A4F7556}") = "QuotesUsingSerilog", "samples\quotes_serilog\QuotesUsingSerilog.csproj", "{4B3AB391-3E09-43B3-BDBE-DD87DDEF8B13}"
EndProject
Project("{9A19103F-16F7-4668-BE54-9A1E7A4F7556}") = "AttemptsAndRetries", "samples\quotes_retries\AttemptsAndRetries.csproj", "{7B312340-1E09-4054-BE96-F54BC6B3E3B4}"
EndProject
Project("{9A19103F-16F7-4668-BE54-9A1E7A4F7556}") = "CachingSample", "samples\quotes_caching\CachingSample.csproj", "{CA128887-823F-4D6C-B3D3-819C31F4028A}"
EndProject
Project("{2150E333-8FDC-42A3-9474-1A3956D46DE8}") = "Solution Items", "Solution Items", "{AA27E2AC-D5EC-4D87-BA01-55EE6DE56265}"
	ProjectSection(SolutionItems) = preProject
		.editorconfig = .editorconfig
	EndProjectSection
EndProject
Project("{9A19103F-16F7-4668-BE54-9A1E7A4F7556}") = "CookiesSample", "samples\using_cookies\CookiesSample.csproj", "{153A9340-4A00-4D28-8BCC-048733F38E88}"
EndProject
Global
	GlobalSection(SolutionConfigurationPlatforms) = preSolution
		Debug|Any CPU = Debug|Any CPU
		Release|Any CPU = Release|Any CPU
	EndGlobalSection
	GlobalSection(ProjectConfigurationPlatforms) = postSolution
		{E00F5281-7A76-41D3-AFFA-0CEF78B9556E}.Debug|Any CPU.ActiveCfg = Debug|Any CPU
		{E00F5281-7A76-41D3-AFFA-0CEF78B9556E}.Debug|Any CPU.Build.0 = Debug|Any CPU
		{E00F5281-7A76-41D3-AFFA-0CEF78B9556E}.Release|Any CPU.ActiveCfg = Release|Any CPU
		{E00F5281-7A76-41D3-AFFA-0CEF78B9556E}.Release|Any CPU.Build.0 = Release|Any CPU
		{8139990E-8E0E-433B-A54C-ED73F69DA7D3}.Debug|Any CPU.ActiveCfg = Debug|Any CPU
		{8139990E-8E0E-433B-A54C-ED73F69DA7D3}.Debug|Any CPU.Build.0 = Debug|Any CPU
		{8139990E-8E0E-433B-A54C-ED73F69DA7D3}.Release|Any CPU.ActiveCfg = Release|Any CPU
		{8139990E-8E0E-433B-A54C-ED73F69DA7D3}.Release|Any CPU.Build.0 = Release|Any CPU
		{269B8DC4-148D-4C3D-BDDD-5DDC894963CB}.Debug|Any CPU.ActiveCfg = Debug|Any CPU
		{269B8DC4-148D-4C3D-BDDD-5DDC894963CB}.Debug|Any CPU.Build.0 = Debug|Any CPU
		{269B8DC4-148D-4C3D-BDDD-5DDC894963CB}.Release|Any CPU.ActiveCfg = Release|Any CPU
		{269B8DC4-148D-4C3D-BDDD-5DDC894963CB}.Release|Any CPU.Build.0 = Release|Any CPU
		{96AC6945-1E74-4E40-8849-BBD1041DB878}.Debug|Any CPU.ActiveCfg = Debug|Any CPU
		{96AC6945-1E74-4E40-8849-BBD1041DB878}.Debug|Any CPU.Build.0 = Debug|Any CPU
		{96AC6945-1E74-4E40-8849-BBD1041DB878}.Release|Any CPU.ActiveCfg = Release|Any CPU
		{96AC6945-1E74-4E40-8849-BBD1041DB878}.Release|Any CPU.Build.0 = Release|Any CPU
		{8C092695-E06C-4272-A3DC-12CA56F5F3BF}.Debug|Any CPU.ActiveCfg = Debug|Any CPU
		{8C092695-E06C-4272-A3DC-12CA56F5F3BF}.Debug|Any CPU.Build.0 = Debug|Any CPU
		{8C092695-E06C-4272-A3DC-12CA56F5F3BF}.Release|Any CPU.ActiveCfg = Release|Any CPU
		{8C092695-E06C-4272-A3DC-12CA56F5F3BF}.Release|Any CPU.Build.0 = Release|Any CPU
		{01081AA6-F02E-42DD-BAFD-179D5535432A}.Debug|Any CPU.ActiveCfg = Debug|Any CPU
		{01081AA6-F02E-42DD-BAFD-179D5535432A}.Debug|Any CPU.Build.0 = Debug|Any CPU
		{01081AA6-F02E-42DD-BAFD-179D5535432A}.Release|Any CPU.ActiveCfg = Release|Any CPU
		{01081AA6-F02E-42DD-BAFD-179D5535432A}.Release|Any CPU.Build.0 = Release|Any CPU
		{01D01C83-B174-4C6D-9BF1-82BEBF3C0DDA}.Debug|Any CPU.ActiveCfg = Debug|Any CPU
		{01D01C83-B174-4C6D-9BF1-82BEBF3C0DDA}.Debug|Any CPU.Build.0 = Debug|Any CPU
		{01D01C83-B174-4C6D-9BF1-82BEBF3C0DDA}.Release|Any CPU.ActiveCfg = Release|Any CPU
		{01D01C83-B174-4C6D-9BF1-82BEBF3C0DDA}.Release|Any CPU.Build.0 = Release|Any CPU
		{51432601-BC88-4E52-8C0E-E4A2891B1C9A}.Debug|Any CPU.ActiveCfg = Debug|Any CPU
		{51432601-BC88-4E52-8C0E-E4A2891B1C9A}.Debug|Any CPU.Build.0 = Debug|Any CPU
		{51432601-BC88-4E52-8C0E-E4A2891B1C9A}.Release|Any CPU.ActiveCfg = Release|Any CPU
		{51432601-BC88-4E52-8C0E-E4A2891B1C9A}.Release|Any CPU.Build.0 = Release|Any CPU
		{C7E47DE6-7BFF-4FC8-AEAC-4C8CDBC085BD}.Debug|Any CPU.ActiveCfg = Debug|Any CPU
		{C7E47DE6-7BFF-4FC8-AEAC-4C8CDBC085BD}.Debug|Any CPU.Build.0 = Debug|Any CPU
		{C7E47DE6-7BFF-4FC8-AEAC-4C8CDBC085BD}.Release|Any CPU.ActiveCfg = Release|Any CPU
		{C7E47DE6-7BFF-4FC8-AEAC-4C8CDBC085BD}.Release|Any CPU.Build.0 = Release|Any CPU
		{8200DD29-48DE-46FD-81A7-64A0B765CCB7}.Debug|Any CPU.ActiveCfg = Debug|Any CPU
		{8200DD29-48DE-46FD-81A7-64A0B765CCB7}.Debug|Any CPU.Build.0 = Debug|Any CPU
		{8200DD29-48DE-46FD-81A7-64A0B765CCB7}.Release|Any CPU.ActiveCfg = Release|Any CPU
		{8200DD29-48DE-46FD-81A7-64A0B765CCB7}.Release|Any CPU.Build.0 = Release|Any CPU
		{20E45839-984C-4632-82F3-B410C02A60BE}.Debug|Any CPU.ActiveCfg = Debug|Any CPU
		{20E45839-984C-4632-82F3-B410C02A60BE}.Debug|Any CPU.Build.0 = Debug|Any CPU
		{20E45839-984C-4632-82F3-B410C02A60BE}.Release|Any CPU.ActiveCfg = Release|Any CPU
		{20E45839-984C-4632-82F3-B410C02A60BE}.Release|Any CPU.Build.0 = Release|Any CPU
		{4B3AB391-3E09-43B3-BDBE-DD87DDEF8B13}.Debug|Any CPU.ActiveCfg = Debug|Any CPU
		{4B3AB391-3E09-43B3-BDBE-DD87DDEF8B13}.Debug|Any CPU.Build.0 = Debug|Any CPU
		{4B3AB391-3E09-43B3-BDBE-DD87DDEF8B13}.Release|Any CPU.ActiveCfg = Release|Any CPU
		{4B3AB391-3E09-43B3-BDBE-DD87DDEF8B13}.Release|Any CPU.Build.0 = Release|Any CPU
		{7B312340-1E09-4054-BE96-F54BC6B3E3B4}.Debug|Any CPU.ActiveCfg = Debug|Any CPU
		{7B312340-1E09-4054-BE96-F54BC6B3E3B4}.Debug|Any CPU.Build.0 = Debug|Any CPU
		{7B312340-1E09-4054-BE96-F54BC6B3E3B4}.Release|Any CPU.ActiveCfg = Release|Any CPU
		{7B312340-1E09-4054-BE96-F54BC6B3E3B4}.Release|Any CPU.Build.0 = Release|Any CPU
		{CA128887-823F-4D6C-B3D3-819C31F4028A}.Debug|Any CPU.ActiveCfg = Debug|Any CPU
		{CA128887-823F-4D6C-B3D3-819C31F4028A}.Debug|Any CPU.Build.0 = Debug|Any CPU
		{CA128887-823F-4D6C-B3D3-819C31F4028A}.Release|Any CPU.ActiveCfg = Release|Any CPU
		{CA128887-823F-4D6C-B3D3-819C31F4028A}.Release|Any CPU.Build.0 = Release|Any CPU
		{153A9340-4A00-4D28-8BCC-048733F38E88}.Debug|Any CPU.ActiveCfg = Debug|Any CPU
		{153A9340-4A00-4D28-8BCC-048733F38E88}.Debug|Any CPU.Build.0 = Debug|Any CPU
		{153A9340-4A00-4D28-8BCC-048733F38E88}.Release|Any CPU.ActiveCfg = Release|Any CPU
		{153A9340-4A00-4D28-8BCC-048733F38E88}.Release|Any CPU.Build.0 = Release|Any CPU
	EndGlobalSection
	GlobalSection(SolutionProperties) = preSolution
		HideSolutionNode = FALSE
	EndGlobalSection
	GlobalSection(NestedProjects) = preSolution
		{8139990E-8E0E-433B-A54C-ED73F69DA7D3} = {C69F2EB9-07B9-41FA-AEA7-4731BD84145B}
		{269B8DC4-148D-4C3D-BDDD-5DDC894963CB} = {C69F2EB9-07B9-41FA-AEA7-4731BD84145B}
		{96AC6945-1E74-4E40-8849-BBD1041DB878} = {BC30D1E5-CD87-45E5-ABA2-3E694A3E9F02}
		{8C092695-E06C-4272-A3DC-12CA56F5F3BF} = {C69F2EB9-07B9-41FA-AEA7-4731BD84145B}
		{01081AA6-F02E-42DD-BAFD-179D5535432A} = {C69F2EB9-07B9-41FA-AEA7-4731BD84145B}
		{0078D020-AF23-4997-A3CE-8DB0772FCA82} = {C69F2EB9-07B9-41FA-AEA7-4731BD84145B}
		{01D01C83-B174-4C6D-9BF1-82BEBF3C0DDA} = {0078D020-AF23-4997-A3CE-8DB0772FCA82}
		{51432601-BC88-4E52-8C0E-E4A2891B1C9A} = {0078D020-AF23-4997-A3CE-8DB0772FCA82}
		{C7E47DE6-7BFF-4FC8-AEAC-4C8CDBC085BD} = {C69F2EB9-07B9-41FA-AEA7-4731BD84145B}
		{8200DD29-48DE-46FD-81A7-64A0B765CCB7} = {C69F2EB9-07B9-41FA-AEA7-4731BD84145B}
		{20E45839-984C-4632-82F3-B410C02A60BE} = {C69F2EB9-07B9-41FA-AEA7-4731BD84145B}
		{4B3AB391-3E09-43B3-BDBE-DD87DDEF8B13} = {C69F2EB9-07B9-41FA-AEA7-4731BD84145B}
		{7B312340-1E09-4054-BE96-F54BC6B3E3B4} = {C69F2EB9-07B9-41FA-AEA7-4731BD84145B}
		{CA128887-823F-4D6C-B3D3-819C31F4028A} = {C69F2EB9-07B9-41FA-AEA7-4731BD84145B}
		{153A9340-4A00-4D28-8BCC-048733F38E88} = {C69F2EB9-07B9-41FA-AEA7-4731BD84145B}
	EndGlobalSection
	GlobalSection(ExtensibilityGlobals) = postSolution
		SolutionGuid = {CC77BEF8-6CF2-4AE6-ADA8-B39F24FF3C3E}
	EndGlobalSection
EndGlobal
